
Microsoft Visual Studio Solution File, Format Version 12.00
# Visual Studio Version 16
VisualStudioVersion = 16.0.30717.126
MinimumVisualStudioVersion = 10.0.40219.1
Project("{FAE04EC0-301F-11D3-BF4B-00C04F79EFBC}") = "Dotin.Session01.HelloEF", "Dotin.Session01.HelloEF\Dotin.Session01.HelloEF.csproj", "{8CC2A48B-2FD9-4906-9411-199A1E874E97}"
EndProject
Global
	GlobalSection(SolutionConfigurationPlatforms) = preSolution
		Debug|Any CPU = Debug|Any CPU
		Release|Any CPU = Release|Any CPU
	EndGlobalSection
	GlobalSection(ProjectConfigurationPlatforms) = postSolution
		{8CC2A48B-2FD9-4906-9411-199A1E874E97}.Debug|Any CPU.ActiveCfg = Debug|Any CPU
		{8CC2A48B-2FD9-4906-9411-199A1E874E97}.Debug|Any CPU.Build.0 = Debug|Any CPU
		{8CC2A48B-2FD9-4906-9411-199A1E874E97}.Release|Any CPU.ActiveCfg = Release|Any CPU
		{8CC2A48B-2FD9-4906-9411-199A1E874E97}.Release|Any CPU.Build.0 = Release|Any CPU
	EndGlobalSection
	GlobalSection(SolutionProperties) = preSolution
		HideSolutionNode = FALSE
	EndGlobalSection
	GlobalSection(ExtensibilityGlobals) = postSolution
		SolutionGuid = {D104A2C1-F985-4DBF-A7AF-30221BC65601}
	EndGlobalSection
EndGlobal
